
Microsoft Visual Studio Solution File, Format Version 12.00
# Visual Studio 15
VisualStudioVersion = 15.0.26124.0
MinimumVisualStudioVersion = 15.0.26124.0
Project("{2150E333-8FDC-42A3-9474-1A3956D46DE8}") = "src", "src", "{8D097EA1-B4F0-42EC-8914-37C308AC9700}"
EndProject
Project("{FAE04EC0-301F-11D3-BF4B-00C04F79EFBC}") = "FoodDiary.API", "src\FoodDiary.API\FoodDiary.API.csproj", "{832FD3E1-EE34-4CB7-A195-1CE85FEE4C4E}"
EndProject
Project("{FAE04EC0-301F-11D3-BF4B-00C04F79EFBC}") = "FoodDiary.Domain", "src\FoodDiary.Domain\FoodDiary.Domain.csproj", "{1370E08C-F00A-4F5E-B8B9-873C4351A8D2}"
EndProject
Global
	GlobalSection(SolutionConfigurationPlatforms) = preSolution
		Debug|Any CPU = Debug|Any CPU
		Debug|x64 = Debug|x64
		Debug|x86 = Debug|x86
		Release|Any CPU = Release|Any CPU
		Release|x64 = Release|x64
		Release|x86 = Release|x86
	EndGlobalSection
	GlobalSection(SolutionProperties) = preSolution
		HideSolutionNode = FALSE
	EndGlobalSection
	GlobalSection(ProjectConfigurationPlatforms) = postSolution
		{832FD3E1-EE34-4CB7-A195-1CE85FEE4C4E}.Debug|Any CPU.ActiveCfg = Debug|Any CPU
		{832FD3E1-EE34-4CB7-A195-1CE85FEE4C4E}.Debug|Any CPU.Build.0 = Debug|Any CPU
		{832FD3E1-EE34-4CB7-A195-1CE85FEE4C4E}.Debug|x64.ActiveCfg = Debug|Any CPU
		{832FD3E1-EE34-4CB7-A195-1CE85FEE4C4E}.Debug|x64.Build.0 = Debug|Any CPU
		{832FD3E1-EE34-4CB7-A195-1CE85FEE4C4E}.Debug|x86.ActiveCfg = Debug|Any CPU
		{832FD3E1-EE34-4CB7-A195-1CE85FEE4C4E}.Debug|x86.Build.0 = Debug|Any CPU
		{832FD3E1-EE34-4CB7-A195-1CE85FEE4C4E}.Release|Any CPU.ActiveCfg = Release|Any CPU
		{832FD3E1-EE34-4CB7-A195-1CE85FEE4C4E}.Release|Any CPU.Build.0 = Release|Any CPU
		{832FD3E1-EE34-4CB7-A195-1CE85FEE4C4E}.Release|x64.ActiveCfg = Release|Any CPU
		{832FD3E1-EE34-4CB7-A195-1CE85FEE4C4E}.Release|x64.Build.0 = Release|Any CPU
		{832FD3E1-EE34-4CB7-A195-1CE85FEE4C4E}.Release|x86.ActiveCfg = Release|Any CPU
		{832FD3E1-EE34-4CB7-A195-1CE85FEE4C4E}.Release|x86.Build.0 = Release|Any CPU
		{1370E08C-F00A-4F5E-B8B9-873C4351A8D2}.Debug|Any CPU.ActiveCfg = Debug|Any CPU
		{1370E08C-F00A-4F5E-B8B9-873C4351A8D2}.Debug|Any CPU.Build.0 = Debug|Any CPU
		{1370E08C-F00A-4F5E-B8B9-873C4351A8D2}.Debug|x64.ActiveCfg = Debug|Any CPU
		{1370E08C-F00A-4F5E-B8B9-873C4351A8D2}.Debug|x64.Build.0 = Debug|Any CPU
		{1370E08C-F00A-4F5E-B8B9-873C4351A8D2}.Debug|x86.ActiveCfg = Debug|Any CPU
		{1370E08C-F00A-4F5E-B8B9-873C4351A8D2}.Debug|x86.Build.0 = Debug|Any CPU
		{1370E08C-F00A-4F5E-B8B9-873C4351A8D2}.Release|Any CPU.ActiveCfg = Release|Any CPU
		{1370E08C-F00A-4F5E-B8B9-873C4351A8D2}.Release|Any CPU.Build.0 = Release|Any CPU
		{1370E08C-F00A-4F5E-B8B9-873C4351A8D2}.Release|x64.ActiveCfg = Release|Any CPU
		{1370E08C-F00A-4F5E-B8B9-873C4351A8D2}.Release|x64.Build.0 = Release|Any CPU
		{1370E08C-F00A-4F5E-B8B9-873C4351A8D2}.Release|x86.ActiveCfg = Release|Any CPU
		{1370E08C-F00A-4F5E-B8B9-873C4351A8D2}.Release|x86.Build.0 = Release|Any CPU
	EndGlobalSection
	GlobalSection(NestedProjects) = preSolution
		{832FD3E1-EE34-4CB7-A195-1CE85FEE4C4E} = {8D097EA1-B4F0-42EC-8914-37C308AC9700}
		{1370E08C-F00A-4F5E-B8B9-873C4351A8D2} = {8D097EA1-B4F0-42EC-8914-37C308AC9700}
	EndGlobalSection
EndGlobal
