
Microsoft Visual Studio Solution File, Format Version 12.00
# Visual Studio Version 16
VisualStudioVersion = 16.0.30011.22
MinimumVisualStudioVersion = 15.0.26124.0
Project("{2150E333-8FDC-42A3-9474-1A3956D46DE8}") = "src", "src", "{8D097EA1-B4F0-42EC-8914-37C308AC9700}"
EndProject
Project("{9A19103F-16F7-4668-BE54-9A1E7A4F7556}") = "FoodDiary.API", "src\FoodDiary.API\FoodDiary.API.csproj", "{832FD3E1-EE34-4CB7-A195-1CE85FEE4C4E}"
EndProject
Project("{9A19103F-16F7-4668-BE54-9A1E7A4F7556}") = "FoodDiary.Domain", "src\FoodDiary.Domain\FoodDiary.Domain.csproj", "{1370E08C-F00A-4F5E-B8B9-873C4351A8D2}"
EndProject
Project("{9A19103F-16F7-4668-BE54-9A1E7A4F7556}") = "FoodDiary.Infrastructure", "src\FoodDiary.Infrastructure\FoodDiary.Infrastructure.csproj", "{E0B86E79-9EAD-474D-B8D4-3F8042DF748E}"
EndProject
Project("{2150E333-8FDC-42A3-9474-1A3956D46DE8}") = "tests", "tests", "{9D969794-6092-4EA0-8428-ED7E1EA48DCB}"
EndProject
Project("{9A19103F-16F7-4668-BE54-9A1E7A4F7556}") = "FoodDiary.UnitTests", "tests\FoodDiary.UnitTests\FoodDiary.UnitTests.csproj", "{E91B757E-1E91-4846-9FCB-C6FA568CEF5E}"
EndProject
Project("{FAE04EC0-301F-11D3-BF4B-00C04F79EFBC}") = "FoodDiary.Pdf", "src\FoodDiary.Pdf\FoodDiary.Pdf.csproj", "{17F907D9-D3DE-44F8-A469-05FCFC759B69}"
EndProject
Global
	GlobalSection(SolutionConfigurationPlatforms) = preSolution
		Debug|Any CPU = Debug|Any CPU
		Debug|x64 = Debug|x64
		Debug|x86 = Debug|x86
		Release|Any CPU = Release|Any CPU
		Release|x64 = Release|x64
		Release|x86 = Release|x86
	EndGlobalSection
	GlobalSection(ProjectConfigurationPlatforms) = postSolution
		{832FD3E1-EE34-4CB7-A195-1CE85FEE4C4E}.Debug|Any CPU.ActiveCfg = Debug|Any CPU
		{832FD3E1-EE34-4CB7-A195-1CE85FEE4C4E}.Debug|Any CPU.Build.0 = Debug|Any CPU
		{832FD3E1-EE34-4CB7-A195-1CE85FEE4C4E}.Debug|x64.ActiveCfg = Debug|Any CPU
		{832FD3E1-EE34-4CB7-A195-1CE85FEE4C4E}.Debug|x64.Build.0 = Debug|Any CPU
		{832FD3E1-EE34-4CB7-A195-1CE85FEE4C4E}.Debug|x86.ActiveCfg = Debug|Any CPU
		{832FD3E1-EE34-4CB7-A195-1CE85FEE4C4E}.Debug|x86.Build.0 = Debug|Any CPU
		{832FD3E1-EE34-4CB7-A195-1CE85FEE4C4E}.Release|Any CPU.ActiveCfg = Release|Any CPU
		{832FD3E1-EE34-4CB7-A195-1CE85FEE4C4E}.Release|Any CPU.Build.0 = Release|Any CPU
		{832FD3E1-EE34-4CB7-A195-1CE85FEE4C4E}.Release|x64.ActiveCfg = Release|Any CPU
		{832FD3E1-EE34-4CB7-A195-1CE85FEE4C4E}.Release|x64.Build.0 = Release|Any CPU
		{832FD3E1-EE34-4CB7-A195-1CE85FEE4C4E}.Release|x86.ActiveCfg = Release|Any CPU
		{832FD3E1-EE34-4CB7-A195-1CE85FEE4C4E}.Release|x86.Build.0 = Release|Any CPU
		{1370E08C-F00A-4F5E-B8B9-873C4351A8D2}.Debug|Any CPU.ActiveCfg = Debug|Any CPU
		{1370E08C-F00A-4F5E-B8B9-873C4351A8D2}.Debug|Any CPU.Build.0 = Debug|Any CPU
		{1370E08C-F00A-4F5E-B8B9-873C4351A8D2}.Debug|x64.ActiveCfg = Debug|Any CPU
		{1370E08C-F00A-4F5E-B8B9-873C4351A8D2}.Debug|x64.Build.0 = Debug|Any CPU
		{1370E08C-F00A-4F5E-B8B9-873C4351A8D2}.Debug|x86.ActiveCfg = Debug|Any CPU
		{1370E08C-F00A-4F5E-B8B9-873C4351A8D2}.Debug|x86.Build.0 = Debug|Any CPU
		{1370E08C-F00A-4F5E-B8B9-873C4351A8D2}.Release|Any CPU.ActiveCfg = Release|Any CPU
		{1370E08C-F00A-4F5E-B8B9-873C4351A8D2}.Release|Any CPU.Build.0 = Release|Any CPU
		{1370E08C-F00A-4F5E-B8B9-873C4351A8D2}.Release|x64.ActiveCfg = Release|Any CPU
		{1370E08C-F00A-4F5E-B8B9-873C4351A8D2}.Release|x64.Build.0 = Release|Any CPU
		{1370E08C-F00A-4F5E-B8B9-873C4351A8D2}.Release|x86.ActiveCfg = Release|Any CPU
		{1370E08C-F00A-4F5E-B8B9-873C4351A8D2}.Release|x86.Build.0 = Release|Any CPU
		{E0B86E79-9EAD-474D-B8D4-3F8042DF748E}.Debug|Any CPU.ActiveCfg = Debug|Any CPU
		{E0B86E79-9EAD-474D-B8D4-3F8042DF748E}.Debug|Any CPU.Build.0 = Debug|Any CPU
		{E0B86E79-9EAD-474D-B8D4-3F8042DF748E}.Debug|x64.ActiveCfg = Debug|Any CPU
		{E0B86E79-9EAD-474D-B8D4-3F8042DF748E}.Debug|x64.Build.0 = Debug|Any CPU
		{E0B86E79-9EAD-474D-B8D4-3F8042DF748E}.Debug|x86.ActiveCfg = Debug|Any CPU
		{E0B86E79-9EAD-474D-B8D4-3F8042DF748E}.Debug|x86.Build.0 = Debug|Any CPU
		{E0B86E79-9EAD-474D-B8D4-3F8042DF748E}.Release|Any CPU.ActiveCfg = Release|Any CPU
		{E0B86E79-9EAD-474D-B8D4-3F8042DF748E}.Release|Any CPU.Build.0 = Release|Any CPU
		{E0B86E79-9EAD-474D-B8D4-3F8042DF748E}.Release|x64.ActiveCfg = Release|Any CPU
		{E0B86E79-9EAD-474D-B8D4-3F8042DF748E}.Release|x64.Build.0 = Release|Any CPU
		{E0B86E79-9EAD-474D-B8D4-3F8042DF748E}.Release|x86.ActiveCfg = Release|Any CPU
		{E0B86E79-9EAD-474D-B8D4-3F8042DF748E}.Release|x86.Build.0 = Release|Any CPU
		{E91B757E-1E91-4846-9FCB-C6FA568CEF5E}.Debug|Any CPU.ActiveCfg = Debug|Any CPU
		{E91B757E-1E91-4846-9FCB-C6FA568CEF5E}.Debug|Any CPU.Build.0 = Debug|Any CPU
		{E91B757E-1E91-4846-9FCB-C6FA568CEF5E}.Debug|x64.ActiveCfg = Debug|Any CPU
		{E91B757E-1E91-4846-9FCB-C6FA568CEF5E}.Debug|x64.Build.0 = Debug|Any CPU
		{E91B757E-1E91-4846-9FCB-C6FA568CEF5E}.Debug|x86.ActiveCfg = Debug|Any CPU
		{E91B757E-1E91-4846-9FCB-C6FA568CEF5E}.Debug|x86.Build.0 = Debug|Any CPU
		{E91B757E-1E91-4846-9FCB-C6FA568CEF5E}.Release|Any CPU.ActiveCfg = Release|Any CPU
		{E91B757E-1E91-4846-9FCB-C6FA568CEF5E}.Release|Any CPU.Build.0 = Release|Any CPU
		{E91B757E-1E91-4846-9FCB-C6FA568CEF5E}.Release|x64.ActiveCfg = Release|Any CPU
		{E91B757E-1E91-4846-9FCB-C6FA568CEF5E}.Release|x64.Build.0 = Release|Any CPU
		{E91B757E-1E91-4846-9FCB-C6FA568CEF5E}.Release|x86.ActiveCfg = Release|Any CPU
		{E91B757E-1E91-4846-9FCB-C6FA568CEF5E}.Release|x86.Build.0 = Release|Any CPU
		{17F907D9-D3DE-44F8-A469-05FCFC759B69}.Debug|Any CPU.ActiveCfg = Debug|Any CPU
		{17F907D9-D3DE-44F8-A469-05FCFC759B69}.Debug|Any CPU.Build.0 = Debug|Any CPU
		{17F907D9-D3DE-44F8-A469-05FCFC759B69}.Debug|x64.ActiveCfg = Debug|Any CPU
		{17F907D9-D3DE-44F8-A469-05FCFC759B69}.Debug|x64.Build.0 = Debug|Any CPU
		{17F907D9-D3DE-44F8-A469-05FCFC759B69}.Debug|x86.ActiveCfg = Debug|Any CPU
		{17F907D9-D3DE-44F8-A469-05FCFC759B69}.Debug|x86.Build.0 = Debug|Any CPU
		{17F907D9-D3DE-44F8-A469-05FCFC759B69}.Release|Any CPU.ActiveCfg = Release|Any CPU
		{17F907D9-D3DE-44F8-A469-05FCFC759B69}.Release|Any CPU.Build.0 = Release|Any CPU
		{17F907D9-D3DE-44F8-A469-05FCFC759B69}.Release|x64.ActiveCfg = Release|Any CPU
		{17F907D9-D3DE-44F8-A469-05FCFC759B69}.Release|x64.Build.0 = Release|Any CPU
		{17F907D9-D3DE-44F8-A469-05FCFC759B69}.Release|x86.ActiveCfg = Release|Any CPU
		{17F907D9-D3DE-44F8-A469-05FCFC759B69}.Release|x86.Build.0 = Release|Any CPU
	EndGlobalSection
	GlobalSection(SolutionProperties) = preSolution
		HideSolutionNode = FALSE
	EndGlobalSection
	GlobalSection(NestedProjects) = preSolution
		{832FD3E1-EE34-4CB7-A195-1CE85FEE4C4E} = {8D097EA1-B4F0-42EC-8914-37C308AC9700}
		{1370E08C-F00A-4F5E-B8B9-873C4351A8D2} = {8D097EA1-B4F0-42EC-8914-37C308AC9700}
		{E0B86E79-9EAD-474D-B8D4-3F8042DF748E} = {8D097EA1-B4F0-42EC-8914-37C308AC9700}
		{E91B757E-1E91-4846-9FCB-C6FA568CEF5E} = {9D969794-6092-4EA0-8428-ED7E1EA48DCB}
		{17F907D9-D3DE-44F8-A469-05FCFC759B69} = {8D097EA1-B4F0-42EC-8914-37C308AC9700}
	EndGlobalSection
	GlobalSection(ExtensibilityGlobals) = postSolution
		SolutionGuid = {865BF919-AA96-4CA9-9D91-CFD16926FB89}
	EndGlobalSection
EndGlobal
