
Microsoft Visual Studio Solution File, Format Version 12.00
# Visual Studio Version 16
VisualStudioVersion = 16.0.30011.22
MinimumVisualStudioVersion = 15.0.26124.0
Project("{9A19103F-16F7-4668-BE54-9A1E7A4F7556}") = "FoodDiary.API", "src\FoodDiary.API\FoodDiary.API.csproj", "{832FD3E1-EE34-4CB7-A195-1CE85FEE4C4E}"
EndProject
Project("{9A19103F-16F7-4668-BE54-9A1E7A4F7556}") = "FoodDiary.Domain", "src\FoodDiary.Domain\FoodDiary.Domain.csproj", "{1370E08C-F00A-4F5E-B8B9-873C4351A8D2}"
EndProject
Project("{9A19103F-16F7-4668-BE54-9A1E7A4F7556}") = "FoodDiary.Infrastructure", "src\FoodDiary.Infrastructure\FoodDiary.Infrastructure.csproj", "{E0B86E79-9EAD-474D-B8D4-3F8042DF748E}"
EndProject
Project("{9A19103F-16F7-4668-BE54-9A1E7A4F7556}") = "FoodDiary.UnitTests", "tests\FoodDiary.UnitTests\FoodDiary.UnitTests.csproj", "{E91B757E-1E91-4846-9FCB-C6FA568CEF5E}"
EndProject
Project("{9A19103F-16F7-4668-BE54-9A1E7A4F7556}") = "FoodDiary.PdfGenerator", "src\FoodDiary.PdfGenerator\FoodDiary.PdfGenerator.csproj", "{F6464BFB-DF8E-4E2F-BC83-605912D844DA}"
EndProject
Project("{9A19103F-16F7-4668-BE54-9A1E7A4F7556}") = "FoodDiary.Import", "src\FoodDiary.Import\FoodDiary.Import.csproj", "{2BF679E7-09D8-47E0-8CDE-D91799859D7D}"
EndProject
Project("{9A19103F-16F7-4668-BE54-9A1E7A4F7556}") = "FoodDiary.Import.UnitTests", "tests\FoodDiary.Import.UnitTests\FoodDiary.Import.UnitTests.csproj", "{ADE26FF0-A4D9-46FF-AFE5-626E59304982}"
EndProject
Project("{9A19103F-16F7-4668-BE54-9A1E7A4F7556}") = "FoodDiary.IntegrationTests", "tests\FoodDiary.IntegrationTests\FoodDiary.IntegrationTests.csproj", "{1F703601-FD63-484C-BBE1-66099F2B0571}"
EndProject
Project("{FAE04EC0-301F-11D3-BF4B-00C04F79EFBC}") = "FoodDiary.Application", "src\FoodDiary.Application\FoodDiary.Application.csproj", "{59054BC3-4329-4B91-BF7B-8A59DB28B1D7}"
EndProject
Project("{FAE04EC0-301F-11D3-BF4B-00C04F79EFBC}") = "FoodDiary.Contracts", "src\FoodDiary.Contracts\FoodDiary.Contracts.csproj", "{CE935EBD-DACE-4E3C-9667-045522FFDB0A}"
EndProject
Project("{FAE04EC0-301F-11D3-BF4B-00C04F79EFBC}") = "FoodDiary.Integrations.Google", "src\FoodDiary.Integrations.Google\FoodDiary.Integrations.Google.csproj", "{962CC4A3-4630-4897-816A-4E4DD06A3B0A}"
EndProject
Project("{FAE04EC0-301F-11D3-BF4B-00C04F79EFBC}") = "FoodDiary.Configuration", "src\FoodDiary.Configuration\FoodDiary.Configuration.csproj", "{A083DE9E-A2E6-4203-B7EE-1871AD53BC25}"
EndProject
Project("{FAE04EC0-301F-11D3-BF4B-00C04F79EFBC}") = "FoodDiary.Migrator", "src\FoodDiary.Migrator\FoodDiary.Migrator.csproj", "{333DD704-39C2-42AA-9B05-E7A7F41BAB0C}"
EndProject
Project("{2150E333-8FDC-42A3-9474-1A3956D46DE8}") = "Tests", "Tests", "{CF9D0D23-CA8E-4DC8-8E10-E15B4A42A680}"
EndProject
Project("{FAE04EC0-301F-11D3-BF4B-00C04F79EFBC}") = "FoodDiary.Export.GoogleDocs", "src\FoodDiary.Export.GoogleDocs\FoodDiary.Export.GoogleDocs.csproj", "{87976F60-4108-40F7-9E52-259BA90C48A2}"
EndProject
Project("{FAE04EC0-301F-11D3-BF4B-00C04F79EFBC}") = "FoodDiary.Export.GoogleDocs.Tests", "tests\FoodDiary.Export.GoogleDocs.Tests\FoodDiary.Export.GoogleDocs.Tests.csproj", "{97D09E96-52BA-4754-A3BD-EC4D147BE72C}"
EndProject
Global
	GlobalSection(SolutionConfigurationPlatforms) = preSolution
		Debug|Any CPU = Debug|Any CPU
		Debug|x64 = Debug|x64
		Debug|x86 = Debug|x86
		Release|Any CPU = Release|Any CPU
		Release|x64 = Release|x64
		Release|x86 = Release|x86
	EndGlobalSection
	GlobalSection(ProjectConfigurationPlatforms) = postSolution
		{832FD3E1-EE34-4CB7-A195-1CE85FEE4C4E}.Debug|Any CPU.ActiveCfg = Debug|Any CPU
		{832FD3E1-EE34-4CB7-A195-1CE85FEE4C4E}.Debug|Any CPU.Build.0 = Debug|Any CPU
		{832FD3E1-EE34-4CB7-A195-1CE85FEE4C4E}.Debug|x64.ActiveCfg = Debug|Any CPU
		{832FD3E1-EE34-4CB7-A195-1CE85FEE4C4E}.Debug|x64.Build.0 = Debug|Any CPU
		{832FD3E1-EE34-4CB7-A195-1CE85FEE4C4E}.Debug|x86.ActiveCfg = Debug|Any CPU
		{832FD3E1-EE34-4CB7-A195-1CE85FEE4C4E}.Debug|x86.Build.0 = Debug|Any CPU
		{832FD3E1-EE34-4CB7-A195-1CE85FEE4C4E}.Release|Any CPU.ActiveCfg = Release|Any CPU
		{832FD3E1-EE34-4CB7-A195-1CE85FEE4C4E}.Release|Any CPU.Build.0 = Release|Any CPU
		{832FD3E1-EE34-4CB7-A195-1CE85FEE4C4E}.Release|x64.ActiveCfg = Release|Any CPU
		{832FD3E1-EE34-4CB7-A195-1CE85FEE4C4E}.Release|x64.Build.0 = Release|Any CPU
		{832FD3E1-EE34-4CB7-A195-1CE85FEE4C4E}.Release|x86.ActiveCfg = Release|Any CPU
		{832FD3E1-EE34-4CB7-A195-1CE85FEE4C4E}.Release|x86.Build.0 = Release|Any CPU
		{1370E08C-F00A-4F5E-B8B9-873C4351A8D2}.Debug|Any CPU.ActiveCfg = Debug|Any CPU
		{1370E08C-F00A-4F5E-B8B9-873C4351A8D2}.Debug|Any CPU.Build.0 = Debug|Any CPU
		{1370E08C-F00A-4F5E-B8B9-873C4351A8D2}.Debug|x64.ActiveCfg = Debug|Any CPU
		{1370E08C-F00A-4F5E-B8B9-873C4351A8D2}.Debug|x64.Build.0 = Debug|Any CPU
		{1370E08C-F00A-4F5E-B8B9-873C4351A8D2}.Debug|x86.ActiveCfg = Debug|Any CPU
		{1370E08C-F00A-4F5E-B8B9-873C4351A8D2}.Debug|x86.Build.0 = Debug|Any CPU
		{1370E08C-F00A-4F5E-B8B9-873C4351A8D2}.Release|Any CPU.ActiveCfg = Release|Any CPU
		{1370E08C-F00A-4F5E-B8B9-873C4351A8D2}.Release|Any CPU.Build.0 = Release|Any CPU
		{1370E08C-F00A-4F5E-B8B9-873C4351A8D2}.Release|x64.ActiveCfg = Release|Any CPU
		{1370E08C-F00A-4F5E-B8B9-873C4351A8D2}.Release|x64.Build.0 = Release|Any CPU
		{1370E08C-F00A-4F5E-B8B9-873C4351A8D2}.Release|x86.ActiveCfg = Release|Any CPU
		{1370E08C-F00A-4F5E-B8B9-873C4351A8D2}.Release|x86.Build.0 = Release|Any CPU
		{E0B86E79-9EAD-474D-B8D4-3F8042DF748E}.Debug|Any CPU.ActiveCfg = Debug|Any CPU
		{E0B86E79-9EAD-474D-B8D4-3F8042DF748E}.Debug|Any CPU.Build.0 = Debug|Any CPU
		{E0B86E79-9EAD-474D-B8D4-3F8042DF748E}.Debug|x64.ActiveCfg = Debug|Any CPU
		{E0B86E79-9EAD-474D-B8D4-3F8042DF748E}.Debug|x64.Build.0 = Debug|Any CPU
		{E0B86E79-9EAD-474D-B8D4-3F8042DF748E}.Debug|x86.ActiveCfg = Debug|Any CPU
		{E0B86E79-9EAD-474D-B8D4-3F8042DF748E}.Debug|x86.Build.0 = Debug|Any CPU
		{E0B86E79-9EAD-474D-B8D4-3F8042DF748E}.Release|Any CPU.ActiveCfg = Release|Any CPU
		{E0B86E79-9EAD-474D-B8D4-3F8042DF748E}.Release|Any CPU.Build.0 = Release|Any CPU
		{E0B86E79-9EAD-474D-B8D4-3F8042DF748E}.Release|x64.ActiveCfg = Release|Any CPU
		{E0B86E79-9EAD-474D-B8D4-3F8042DF748E}.Release|x64.Build.0 = Release|Any CPU
		{E0B86E79-9EAD-474D-B8D4-3F8042DF748E}.Release|x86.ActiveCfg = Release|Any CPU
		{E0B86E79-9EAD-474D-B8D4-3F8042DF748E}.Release|x86.Build.0 = Release|Any CPU
		{E91B757E-1E91-4846-9FCB-C6FA568CEF5E}.Debug|Any CPU.ActiveCfg = Debug|Any CPU
		{E91B757E-1E91-4846-9FCB-C6FA568CEF5E}.Debug|Any CPU.Build.0 = Debug|Any CPU
		{E91B757E-1E91-4846-9FCB-C6FA568CEF5E}.Debug|x64.ActiveCfg = Debug|Any CPU
		{E91B757E-1E91-4846-9FCB-C6FA568CEF5E}.Debug|x64.Build.0 = Debug|Any CPU
		{E91B757E-1E91-4846-9FCB-C6FA568CEF5E}.Debug|x86.ActiveCfg = Debug|Any CPU
		{E91B757E-1E91-4846-9FCB-C6FA568CEF5E}.Debug|x86.Build.0 = Debug|Any CPU
		{E91B757E-1E91-4846-9FCB-C6FA568CEF5E}.Release|Any CPU.ActiveCfg = Release|Any CPU
		{E91B757E-1E91-4846-9FCB-C6FA568CEF5E}.Release|Any CPU.Build.0 = Release|Any CPU
		{E91B757E-1E91-4846-9FCB-C6FA568CEF5E}.Release|x64.ActiveCfg = Release|Any CPU
		{E91B757E-1E91-4846-9FCB-C6FA568CEF5E}.Release|x64.Build.0 = Release|Any CPU
		{E91B757E-1E91-4846-9FCB-C6FA568CEF5E}.Release|x86.ActiveCfg = Release|Any CPU
		{E91B757E-1E91-4846-9FCB-C6FA568CEF5E}.Release|x86.Build.0 = Release|Any CPU
		{F6464BFB-DF8E-4E2F-BC83-605912D844DA}.Debug|Any CPU.ActiveCfg = Debug|Any CPU
		{F6464BFB-DF8E-4E2F-BC83-605912D844DA}.Debug|Any CPU.Build.0 = Debug|Any CPU
		{F6464BFB-DF8E-4E2F-BC83-605912D844DA}.Debug|x64.ActiveCfg = Debug|Any CPU
		{F6464BFB-DF8E-4E2F-BC83-605912D844DA}.Debug|x64.Build.0 = Debug|Any CPU
		{F6464BFB-DF8E-4E2F-BC83-605912D844DA}.Debug|x86.ActiveCfg = Debug|Any CPU
		{F6464BFB-DF8E-4E2F-BC83-605912D844DA}.Debug|x86.Build.0 = Debug|Any CPU
		{F6464BFB-DF8E-4E2F-BC83-605912D844DA}.Release|Any CPU.ActiveCfg = Release|Any CPU
		{F6464BFB-DF8E-4E2F-BC83-605912D844DA}.Release|Any CPU.Build.0 = Release|Any CPU
		{F6464BFB-DF8E-4E2F-BC83-605912D844DA}.Release|x64.ActiveCfg = Release|Any CPU
		{F6464BFB-DF8E-4E2F-BC83-605912D844DA}.Release|x64.Build.0 = Release|Any CPU
		{F6464BFB-DF8E-4E2F-BC83-605912D844DA}.Release|x86.ActiveCfg = Release|Any CPU
		{F6464BFB-DF8E-4E2F-BC83-605912D844DA}.Release|x86.Build.0 = Release|Any CPU
		{2BF679E7-09D8-47E0-8CDE-D91799859D7D}.Debug|Any CPU.ActiveCfg = Debug|Any CPU
		{2BF679E7-09D8-47E0-8CDE-D91799859D7D}.Debug|Any CPU.Build.0 = Debug|Any CPU
		{2BF679E7-09D8-47E0-8CDE-D91799859D7D}.Debug|x64.ActiveCfg = Debug|Any CPU
		{2BF679E7-09D8-47E0-8CDE-D91799859D7D}.Debug|x64.Build.0 = Debug|Any CPU
		{2BF679E7-09D8-47E0-8CDE-D91799859D7D}.Debug|x86.ActiveCfg = Debug|Any CPU
		{2BF679E7-09D8-47E0-8CDE-D91799859D7D}.Debug|x86.Build.0 = Debug|Any CPU
		{2BF679E7-09D8-47E0-8CDE-D91799859D7D}.Release|Any CPU.ActiveCfg = Release|Any CPU
		{2BF679E7-09D8-47E0-8CDE-D91799859D7D}.Release|Any CPU.Build.0 = Release|Any CPU
		{2BF679E7-09D8-47E0-8CDE-D91799859D7D}.Release|x64.ActiveCfg = Release|Any CPU
		{2BF679E7-09D8-47E0-8CDE-D91799859D7D}.Release|x64.Build.0 = Release|Any CPU
		{2BF679E7-09D8-47E0-8CDE-D91799859D7D}.Release|x86.ActiveCfg = Release|Any CPU
		{2BF679E7-09D8-47E0-8CDE-D91799859D7D}.Release|x86.Build.0 = Release|Any CPU
		{ADE26FF0-A4D9-46FF-AFE5-626E59304982}.Debug|Any CPU.ActiveCfg = Debug|Any CPU
		{ADE26FF0-A4D9-46FF-AFE5-626E59304982}.Debug|Any CPU.Build.0 = Debug|Any CPU
		{ADE26FF0-A4D9-46FF-AFE5-626E59304982}.Debug|x64.ActiveCfg = Debug|Any CPU
		{ADE26FF0-A4D9-46FF-AFE5-626E59304982}.Debug|x64.Build.0 = Debug|Any CPU
		{ADE26FF0-A4D9-46FF-AFE5-626E59304982}.Debug|x86.ActiveCfg = Debug|Any CPU
		{ADE26FF0-A4D9-46FF-AFE5-626E59304982}.Debug|x86.Build.0 = Debug|Any CPU
		{ADE26FF0-A4D9-46FF-AFE5-626E59304982}.Release|Any CPU.ActiveCfg = Release|Any CPU
		{ADE26FF0-A4D9-46FF-AFE5-626E59304982}.Release|Any CPU.Build.0 = Release|Any CPU
		{ADE26FF0-A4D9-46FF-AFE5-626E59304982}.Release|x64.ActiveCfg = Release|Any CPU
		{ADE26FF0-A4D9-46FF-AFE5-626E59304982}.Release|x64.Build.0 = Release|Any CPU
		{ADE26FF0-A4D9-46FF-AFE5-626E59304982}.Release|x86.ActiveCfg = Release|Any CPU
		{ADE26FF0-A4D9-46FF-AFE5-626E59304982}.Release|x86.Build.0 = Release|Any CPU
		{1F703601-FD63-484C-BBE1-66099F2B0571}.Debug|Any CPU.ActiveCfg = Debug|Any CPU
		{1F703601-FD63-484C-BBE1-66099F2B0571}.Debug|Any CPU.Build.0 = Debug|Any CPU
		{1F703601-FD63-484C-BBE1-66099F2B0571}.Debug|x64.ActiveCfg = Debug|Any CPU
		{1F703601-FD63-484C-BBE1-66099F2B0571}.Debug|x64.Build.0 = Debug|Any CPU
		{1F703601-FD63-484C-BBE1-66099F2B0571}.Debug|x86.ActiveCfg = Debug|Any CPU
		{1F703601-FD63-484C-BBE1-66099F2B0571}.Debug|x86.Build.0 = Debug|Any CPU
		{1F703601-FD63-484C-BBE1-66099F2B0571}.Release|Any CPU.ActiveCfg = Release|Any CPU
		{1F703601-FD63-484C-BBE1-66099F2B0571}.Release|Any CPU.Build.0 = Release|Any CPU
		{1F703601-FD63-484C-BBE1-66099F2B0571}.Release|x64.ActiveCfg = Release|Any CPU
		{1F703601-FD63-484C-BBE1-66099F2B0571}.Release|x64.Build.0 = Release|Any CPU
		{1F703601-FD63-484C-BBE1-66099F2B0571}.Release|x86.ActiveCfg = Release|Any CPU
		{1F703601-FD63-484C-BBE1-66099F2B0571}.Release|x86.Build.0 = Release|Any CPU
		{59054BC3-4329-4B91-BF7B-8A59DB28B1D7}.Debug|Any CPU.ActiveCfg = Debug|Any CPU
		{59054BC3-4329-4B91-BF7B-8A59DB28B1D7}.Debug|Any CPU.Build.0 = Debug|Any CPU
		{59054BC3-4329-4B91-BF7B-8A59DB28B1D7}.Debug|x64.ActiveCfg = Debug|Any CPU
		{59054BC3-4329-4B91-BF7B-8A59DB28B1D7}.Debug|x64.Build.0 = Debug|Any CPU
		{59054BC3-4329-4B91-BF7B-8A59DB28B1D7}.Debug|x86.ActiveCfg = Debug|Any CPU
		{59054BC3-4329-4B91-BF7B-8A59DB28B1D7}.Debug|x86.Build.0 = Debug|Any CPU
		{59054BC3-4329-4B91-BF7B-8A59DB28B1D7}.Release|Any CPU.ActiveCfg = Release|Any CPU
		{59054BC3-4329-4B91-BF7B-8A59DB28B1D7}.Release|Any CPU.Build.0 = Release|Any CPU
		{59054BC3-4329-4B91-BF7B-8A59DB28B1D7}.Release|x64.ActiveCfg = Release|Any CPU
		{59054BC3-4329-4B91-BF7B-8A59DB28B1D7}.Release|x64.Build.0 = Release|Any CPU
		{59054BC3-4329-4B91-BF7B-8A59DB28B1D7}.Release|x86.ActiveCfg = Release|Any CPU
		{59054BC3-4329-4B91-BF7B-8A59DB28B1D7}.Release|x86.Build.0 = Release|Any CPU
		{CE935EBD-DACE-4E3C-9667-045522FFDB0A}.Debug|Any CPU.ActiveCfg = Debug|Any CPU
		{CE935EBD-DACE-4E3C-9667-045522FFDB0A}.Debug|Any CPU.Build.0 = Debug|Any CPU
		{CE935EBD-DACE-4E3C-9667-045522FFDB0A}.Debug|x64.ActiveCfg = Debug|Any CPU
		{CE935EBD-DACE-4E3C-9667-045522FFDB0A}.Debug|x64.Build.0 = Debug|Any CPU
		{CE935EBD-DACE-4E3C-9667-045522FFDB0A}.Debug|x86.ActiveCfg = Debug|Any CPU
		{CE935EBD-DACE-4E3C-9667-045522FFDB0A}.Debug|x86.Build.0 = Debug|Any CPU
		{CE935EBD-DACE-4E3C-9667-045522FFDB0A}.Release|Any CPU.ActiveCfg = Release|Any CPU
		{CE935EBD-DACE-4E3C-9667-045522FFDB0A}.Release|Any CPU.Build.0 = Release|Any CPU
		{CE935EBD-DACE-4E3C-9667-045522FFDB0A}.Release|x64.ActiveCfg = Release|Any CPU
		{CE935EBD-DACE-4E3C-9667-045522FFDB0A}.Release|x64.Build.0 = Release|Any CPU
		{CE935EBD-DACE-4E3C-9667-045522FFDB0A}.Release|x86.ActiveCfg = Release|Any CPU
		{CE935EBD-DACE-4E3C-9667-045522FFDB0A}.Release|x86.Build.0 = Release|Any CPU
		{962CC4A3-4630-4897-816A-4E4DD06A3B0A}.Debug|Any CPU.ActiveCfg = Debug|Any CPU
		{962CC4A3-4630-4897-816A-4E4DD06A3B0A}.Debug|Any CPU.Build.0 = Debug|Any CPU
		{962CC4A3-4630-4897-816A-4E4DD06A3B0A}.Debug|x64.ActiveCfg = Debug|Any CPU
		{962CC4A3-4630-4897-816A-4E4DD06A3B0A}.Debug|x64.Build.0 = Debug|Any CPU
		{962CC4A3-4630-4897-816A-4E4DD06A3B0A}.Debug|x86.ActiveCfg = Debug|Any CPU
		{962CC4A3-4630-4897-816A-4E4DD06A3B0A}.Debug|x86.Build.0 = Debug|Any CPU
		{962CC4A3-4630-4897-816A-4E4DD06A3B0A}.Release|Any CPU.ActiveCfg = Release|Any CPU
		{962CC4A3-4630-4897-816A-4E4DD06A3B0A}.Release|Any CPU.Build.0 = Release|Any CPU
		{962CC4A3-4630-4897-816A-4E4DD06A3B0A}.Release|x64.ActiveCfg = Release|Any CPU
		{962CC4A3-4630-4897-816A-4E4DD06A3B0A}.Release|x64.Build.0 = Release|Any CPU
		{962CC4A3-4630-4897-816A-4E4DD06A3B0A}.Release|x86.ActiveCfg = Release|Any CPU
		{962CC4A3-4630-4897-816A-4E4DD06A3B0A}.Release|x86.Build.0 = Release|Any CPU
		{A083DE9E-A2E6-4203-B7EE-1871AD53BC25}.Debug|Any CPU.ActiveCfg = Debug|Any CPU
		{A083DE9E-A2E6-4203-B7EE-1871AD53BC25}.Debug|Any CPU.Build.0 = Debug|Any CPU
		{A083DE9E-A2E6-4203-B7EE-1871AD53BC25}.Debug|x64.ActiveCfg = Debug|Any CPU
		{A083DE9E-A2E6-4203-B7EE-1871AD53BC25}.Debug|x64.Build.0 = Debug|Any CPU
		{A083DE9E-A2E6-4203-B7EE-1871AD53BC25}.Debug|x86.ActiveCfg = Debug|Any CPU
		{A083DE9E-A2E6-4203-B7EE-1871AD53BC25}.Debug|x86.Build.0 = Debug|Any CPU
		{A083DE9E-A2E6-4203-B7EE-1871AD53BC25}.Release|Any CPU.ActiveCfg = Release|Any CPU
		{A083DE9E-A2E6-4203-B7EE-1871AD53BC25}.Release|Any CPU.Build.0 = Release|Any CPU
		{A083DE9E-A2E6-4203-B7EE-1871AD53BC25}.Release|x64.ActiveCfg = Release|Any CPU
		{A083DE9E-A2E6-4203-B7EE-1871AD53BC25}.Release|x64.Build.0 = Release|Any CPU
		{A083DE9E-A2E6-4203-B7EE-1871AD53BC25}.Release|x86.ActiveCfg = Release|Any CPU
		{A083DE9E-A2E6-4203-B7EE-1871AD53BC25}.Release|x86.Build.0 = Release|Any CPU
		{333DD704-39C2-42AA-9B05-E7A7F41BAB0C}.Debug|Any CPU.ActiveCfg = Debug|Any CPU
		{333DD704-39C2-42AA-9B05-E7A7F41BAB0C}.Debug|Any CPU.Build.0 = Debug|Any CPU
		{333DD704-39C2-42AA-9B05-E7A7F41BAB0C}.Debug|x64.ActiveCfg = Debug|Any CPU
		{333DD704-39C2-42AA-9B05-E7A7F41BAB0C}.Debug|x64.Build.0 = Debug|Any CPU
		{333DD704-39C2-42AA-9B05-E7A7F41BAB0C}.Debug|x86.ActiveCfg = Debug|Any CPU
		{333DD704-39C2-42AA-9B05-E7A7F41BAB0C}.Debug|x86.Build.0 = Debug|Any CPU
		{333DD704-39C2-42AA-9B05-E7A7F41BAB0C}.Release|Any CPU.ActiveCfg = Release|Any CPU
		{333DD704-39C2-42AA-9B05-E7A7F41BAB0C}.Release|Any CPU.Build.0 = Release|Any CPU
		{333DD704-39C2-42AA-9B05-E7A7F41BAB0C}.Release|x64.ActiveCfg = Release|Any CPU
		{333DD704-39C2-42AA-9B05-E7A7F41BAB0C}.Release|x64.Build.0 = Release|Any CPU
		{333DD704-39C2-42AA-9B05-E7A7F41BAB0C}.Release|x86.ActiveCfg = Release|Any CPU
		{333DD704-39C2-42AA-9B05-E7A7F41BAB0C}.Release|x86.Build.0 = Release|Any CPU
		{87976F60-4108-40F7-9E52-259BA90C48A2}.Debug|Any CPU.ActiveCfg = Debug|Any CPU
		{87976F60-4108-40F7-9E52-259BA90C48A2}.Debug|Any CPU.Build.0 = Debug|Any CPU
		{87976F60-4108-40F7-9E52-259BA90C48A2}.Debug|x64.ActiveCfg = Debug|Any CPU
		{87976F60-4108-40F7-9E52-259BA90C48A2}.Debug|x64.Build.0 = Debug|Any CPU
		{87976F60-4108-40F7-9E52-259BA90C48A2}.Debug|x86.ActiveCfg = Debug|Any CPU
		{87976F60-4108-40F7-9E52-259BA90C48A2}.Debug|x86.Build.0 = Debug|Any CPU
		{87976F60-4108-40F7-9E52-259BA90C48A2}.Release|Any CPU.ActiveCfg = Release|Any CPU
		{87976F60-4108-40F7-9E52-259BA90C48A2}.Release|Any CPU.Build.0 = Release|Any CPU
		{87976F60-4108-40F7-9E52-259BA90C48A2}.Release|x64.ActiveCfg = Release|Any CPU
		{87976F60-4108-40F7-9E52-259BA90C48A2}.Release|x64.Build.0 = Release|Any CPU
		{87976F60-4108-40F7-9E52-259BA90C48A2}.Release|x86.ActiveCfg = Release|Any CPU
		{87976F60-4108-40F7-9E52-259BA90C48A2}.Release|x86.Build.0 = Release|Any CPU
		{97D09E96-52BA-4754-A3BD-EC4D147BE72C}.Debug|Any CPU.ActiveCfg = Debug|Any CPU
		{97D09E96-52BA-4754-A3BD-EC4D147BE72C}.Debug|Any CPU.Build.0 = Debug|Any CPU
		{97D09E96-52BA-4754-A3BD-EC4D147BE72C}.Debug|x64.ActiveCfg = Debug|Any CPU
		{97D09E96-52BA-4754-A3BD-EC4D147BE72C}.Debug|x64.Build.0 = Debug|Any CPU
		{97D09E96-52BA-4754-A3BD-EC4D147BE72C}.Debug|x86.ActiveCfg = Debug|Any CPU
		{97D09E96-52BA-4754-A3BD-EC4D147BE72C}.Debug|x86.Build.0 = Debug|Any CPU
		{97D09E96-52BA-4754-A3BD-EC4D147BE72C}.Release|Any CPU.ActiveCfg = Release|Any CPU
		{97D09E96-52BA-4754-A3BD-EC4D147BE72C}.Release|Any CPU.Build.0 = Release|Any CPU
		{97D09E96-52BA-4754-A3BD-EC4D147BE72C}.Release|x64.ActiveCfg = Release|Any CPU
		{97D09E96-52BA-4754-A3BD-EC4D147BE72C}.Release|x64.Build.0 = Release|Any CPU
		{97D09E96-52BA-4754-A3BD-EC4D147BE72C}.Release|x86.ActiveCfg = Release|Any CPU
		{97D09E96-52BA-4754-A3BD-EC4D147BE72C}.Release|x86.Build.0 = Release|Any CPU
	EndGlobalSection
	GlobalSection(SolutionProperties) = preSolution
		HideSolutionNode = FALSE
	EndGlobalSection
	GlobalSection(NestedProjects) = preSolution
		{1F703601-FD63-484C-BBE1-66099F2B0571} = {CF9D0D23-CA8E-4DC8-8E10-E15B4A42A680}
		{E91B757E-1E91-4846-9FCB-C6FA568CEF5E} = {CF9D0D23-CA8E-4DC8-8E10-E15B4A42A680}
		{ADE26FF0-A4D9-46FF-AFE5-626E59304982} = {CF9D0D23-CA8E-4DC8-8E10-E15B4A42A680}
		{97D09E96-52BA-4754-A3BD-EC4D147BE72C} = {CF9D0D23-CA8E-4DC8-8E10-E15B4A42A680}
	EndGlobalSection
	GlobalSection(ExtensibilityGlobals) = postSolution
		SolutionGuid = {865BF919-AA96-4CA9-9D91-CFD16926FB89}
	EndGlobalSection
EndGlobal
